PODS:
  - FlutterMacOS (1.0.0)
  - inode (0.0.1):
    - FlutterMacOS

DEPENDENCIES:
  - FlutterMacOS (from `Flutter/ephemeral`)
  - inode (from `Flutter/ephemeral/.symlinks/plugins/inode/macos`)

EXTERNAL SOURCES:
  FlutterMacOS:
    :path: Flutter/ephemeral
  inode:
    :path: Flutter/ephemeral/.symlinks/plugins/inode/macos

SPEC CHECKSUMS:
  FlutterMacOS: 8f6f14fa908a6fb3fba0cd85dbd81ec4b251fb24
  inode: 89debdd83bf87de65fb7da02beee4980712121d9

PODFILE CHECKSUM: 236401fc2c932af29a9fcf0e97baeeb2d750d367

COCOAPODS: 1.11.3
